
Microsoft Visual Studio Solution File, Format Version 12.00
# Visual Studio Version 17
VisualStudioVersion = 17.11.35222.181
MinimumVisualStudioVersion = 10.0.40219.1
Project("{FAE04EC0-301F-11D3-BF4B-00C04F79EFBC}") = "FileProcessor", "FileProcessor.csproj", "{944D240A-66CF-4443-A766-57FD90F0CABD}"
EndProject
Global
	GlobalSection(SolutionConfigurationPlatforms) = preSolution
		Debug|Any CPU = Debug|Any CPU
		Release|Any CPU = Release|Any CPU
	EndGlobalSection
	GlobalSection(ProjectConfigurationPlatforms) = postSolution
		{944D240A-66CF-4443-A766-57FD90F0CABD}.Debug|Any CPU.ActiveCfg = Debug|Any CPU
		{944D240A-66CF-4443-A766-57FD90F0CABD}.Debug|Any CPU.Build.0 = Debug|Any CPU
		{944D240A-66CF-4443-A766-57FD90F0CABD}.Release|Any CPU.ActiveCfg = Release|Any CPU
		{944D240A-66CF-4443-A766-57FD90F0CABD}.Release|Any CPU.Build.0 = Release|Any CPU
	EndGlobalSection
	GlobalSection(SolutionProperties) = preSolution
		HideSolutionNode = FALSE
	EndGlobalSection
	GlobalSection(ExtensibilityGlobals) = postSolution
		SolutionGuid = {7AABEF0D-B2DE-43C8-B3ED-9F5F00A69A0C}
	EndGlobalSection
EndGlobal
